{
  "nodes": {
    "disko": {
      "inputs": {
        "nixpkgs": [
          "nixpkgs"
        ]
      },
      "locked": {
        "lastModified": 1734343412,
        "narHash": "sha256-b7G8oFp0Nj01BYUJ6ENC9Qf/HsYAIZvN9k/p0Kg/PFU=",
        "owner": "nix-community",
        "repo": "disko",
        "rev": "a08bfe06b39e94eec98dd089a2c1b18af01fef19",
        "type": "github"
      },
      "original": {
        "owner": "nix-community",
        "ref": "master",
        "repo": "disko",
        "type": "github"
      }
    },
    "nixpkgs": {
      "locked": {
        "lastModified": 1734083684,
        "narHash": "sha256-5fNndbndxSx5d+C/D0p/VF32xDiJCJzyOqorOYW4JEo=",
        "owner": "NixOS",
        "repo": "nixpkgs",
        "rev": "314e12ba369ccdb9b352a4db26ff419f7c49fa84",
        "type": "github"
      },
      "original": {
        "owner": "NixOS",
        "ref": "nixos-24.11",
        "repo": "nixpkgs",
        "type": "github"
      }
    },
    "nixpkgs_2": {
      "locked": {
        "lastModified": 1733412085,
        "narHash": "sha256-FillH0qdWDt/nlO6ED7h4cmN+G9uXwGjwmCnHs0QVYM=",
        "owner": "NixOS",
        "repo": "nixpkgs",
        "rev": "4dc2fc4e62dbf62b84132fe526356fbac7b03541",
        "type": "github"
      },
      "original": {
        "owner": "NixOS",
        "ref": "nixos-24.11",
        "repo": "nixpkgs",
        "type": "github"
      }
    },
    "root": {
      "inputs": {
        "disko": "disko",
        "nixpkgs": "nixpkgs",
        "tfc-packages": "tfc-packages"
      }
    },
    "tfc-packages": {
      "inputs": {
        "nixpkgs": "nixpkgs_2"
      },
      "locked": {
        "lastModified": 1734361167,
        "narHash": "sha256-tuG8YtHwiiNlqi5ijVMV8dk02mQQfJs87F2+6Q5kkH4=",
        "owner": "centroid-is",
        "repo": "flakes",
        "rev": "2d9c4652aea4937eb2bf9deeaa3246692925a795",
        "type": "github"
      },
      "original": {
        "owner": "centroid-is",
        "ref": "2d9c4652aea4937eb2bf9deeaa3246692925a795",
        "repo": "flakes",
        "type": "github"
      }
    }
  },
  "root": "root",
  "version": 7
}
